// !$*UTF8*$!
{
	archiveVersion = 1;
	classes = {
	};
	objectVersion = 50;
	objects = {

/* Begin PBXBuildFile section */
		7A2EA28F27085BCD00DE693F /* AppDelegate.swift in Sources */ = {isa = PBXBuildFile; fileRef = 7A2EA28E27085BCD00DE693F /* AppDelegate.swift */; };
		7A2EA29127085BCD00DE693F /* GameScene.sks in Resources */ = {isa = PBXBuildFile; fileRef = 7A2EA29027085BCD00DE693F /* GameScene.sks */; };
		7A2EA29527085BCD00DE693F /* GameScene.swift in Sources */ = {isa = PBXBuildFile; fileRef = 7A2EA29427085BCD00DE693F /* GameScene.swift */; };
		7A2EA29727085BCD00DE693F /* GameViewController.swift in Sources */ = {isa = PBXBuildFile; fileRef = 7A2EA29627085BCD00DE693F /* GameViewController.swift */; };
		7A2EA29A27085BCD00DE693F /* Main.storyboard in Resources */ = {isa = PBXBuildFile; fileRef = 7A2EA29827085BCD00DE693F /* Main.storyboard */; };
		7A2EA29C27085BCE00DE693F /* Assets.xcassets in Resources */ = {isa = PBXBuildFile; fileRef = 7A2EA29B27085BCE00DE693F /* Assets.xcassets */; };
		7A2EA2A727085BCF00DE693F /* GyroGameTests.swift in Sources */ = {isa = PBXBuildFile; fileRef = 7A2EA2A627085BCF00DE693F /* GyroGameTests.swift */; };
		7A2EA2B227085BCF00DE693F /* GyroGameUITests.swift in Sources */ = {isa = PBXBuildFile; fileRef = 7A2EA2B127085BCF00DE693F /* GyroGameUITests.swift */; };
		7A2EA2D82709BF0200DE693F /* background.jpg in Resources */ = {isa = PBXBuildFile; fileRef = 7A2EA2D72709BF0200DE693F /* background.jpg */; };
		7A2EA2DC2709C17D00DE693F /* hole.png in Resources */ = {isa = PBXBuildFile; fileRef = 7A2EA2D92709C17D00DE693F /* hole.png */; };
		7A2EA2DD2709C17D00DE693F /* ball.png in Resources */ = {isa = PBXBuildFile; fileRef = 7A2EA2DA2709C17D00DE693F /* ball.png */; };
		7A2EA2DE2709C17D00DE693F /* finish.png in Resources */ = {isa = PBXBuildFile; fileRef = 7A2EA2DB2709C17D00DE693F /* finish.png */; };
/* End PBXBuildFile section */

/* Begin PBXContainerItemProxy section */
		7A2EA2A327085BCF00DE693F /* PBXContainerItemProxy */ = {
			isa = PBXContainerItemProxy;
			containerPortal = 7A2EA28327085BCD00DE693F /* Project object */;
			proxyType = 1;
			remoteGlobalIDString = 7A2EA28A27085BCD00DE693F;
			remoteInfo = GyroGame;
		};
		7A2EA2AE27085BCF00DE693F /* PBXContainerItemProxy */ = {
			isa = PBXContainerItemProxy;
			containerPortal = 7A2EA28327085BCD00DE693F /* Project object */;
			proxyType = 1;
			remoteGlobalIDString = 7A2EA28A27085BCD00DE693F;
			remoteInfo = GyroGame;
		};
/* End PBXContainerItemProxy section */

/* Begin PBXFileReference section */
		7A2EA28B27085BCD00DE693F /* GyroGame.app */ = {isa = PBXFileReference; explicitFileType = wrapper.application; includeInIndex = 0; path = GyroGame.app; sourceTree = BUILT_PRODUCTS_DIR; };
		7A2EA28E27085BCD00DE693F /* AppDelegate.swift */ = {isa = PBXFileReference; lastKnownFileType = sourcecode.swift; path = AppDelegate.swift; sourceTree = "<group>"; };
		7A2EA29027085BCD00DE693F /* GameScene.sks */ = {isa = PBXFileReference; lastKnownFileType = file.sks; path = GameScene.sks; sourceTree = "<group>"; };
		7A2EA29427085BCD00DE693F /* GameScene.swift */ = {isa = PBXFileReference; lastKnownFileType = sourcecode.swift; path = GameScene.swift; sourceTree = "<group>"; };
		7A2EA29627085BCD00DE693F /* GameViewController.swift */ = {isa = PBXFileReference; lastKnownFileType = sourcecode.swift; path = GameViewController.swift; sourceTree = "<group>"; };
		7A2EA29927085BCD00DE693F /* Base */ = {isa = PBXFileReference; lastKnownFileType = file.storyboard; name = Base; path = Base.lproj/Main.storyboard; sourceTree = "<group>"; };
		7A2EA29B27085BCE00DE693F /* Assets.xcassets */ = {isa = PBXFileReference; lastKnownFileType = folder.assetcatalog; path = Assets.xcassets; sourceTree = "<group>"; };
		7A2EA29D27085BCE00DE693F /* Info.plist */ = {isa = PBXFileReference; lastKnownFileType = text.plist.xml; path = Info.plist; sourceTree = "<group>"; };
		7A2EA2A227085BCF00DE693F /* GyroGameTests.xctest */ = {isa = PBXFileReference; explicitFileType = wrapper.cfbundle; includeInIndex = 0; path = GyroGameTests.xctest; sourceTree = BUILT_PRODUCTS_DIR; };
		7A2EA2A627085BCF00DE693F /* GyroGameTests.swift */ = {isa = PBXFileReference; lastKnownFileType = sourcecode.swift; path = GyroGameTests.swift; sourceTree = "<group>"; };
		7A2EA2A827085BCF00DE693F /* Info.plist */ = {isa = PBXFileReference; lastKnownFileType = text.plist.xml; path = Info.plist; sourceTree = "<group>"; };
		7A2EA2AD27085BCF00DE693F /* GyroGameUITests.xctest */ = {isa = PBXFileReference; explicitFileType = wrapper.cfbundle; includeInIndex = 0; path = GyroGameUITests.xctest; sourceTree = BUILT_PRODUCTS_DIR; };
		7A2EA2B127085BCF00DE693F /* GyroGameUITests.swift */ = {isa = PBXFileReference; lastKnownFileType = sourcecode.swift; path = GyroGameUITests.swift; sourceTree = "<group>"; };
		7A2EA2B327085BCF00DE693F /* Info.plist */ = {isa = PBXFileReference; lastKnownFileType = text.plist.xml; path = Info.plist; sourceTree = "<group>"; };
		7A2EA2D72709BF0200DE693F /* background.jpg */ = {isa = PBXFileReference; lastKnownFileType = image.jpeg; path = background.jpg; sourceTree = "<group>"; };
		7A2EA2D92709C17D00DE693F /* hole.png */ = {isa = PBXFileReference; lastKnownFileType = image.png; path = hole.png; sourceTree = "<group>"; };
		7A2EA2DA2709C17D00DE693F /* ball.png */ = {isa = PBXFileReference; lastKnownFileType = image.png; path = ball.png; sourceTree = "<group>"; };
		7A2EA2DB2709C17D00DE693F /* finish.png */ = {isa = PBXFileReference; lastKnownFileType = image.png; path = finish.png; sourceTree = "<group>"; };
/* End PBXFileReference section */

/* Begin PBXFrameworksBuildPhase section */
		7A2EA28827085BCD00DE693F /* Frameworks */ = {
			isa = PBXFrameworksBuildPhase;
			buildActionMask = 2147483647;
			files = (
			);
			runOnlyForDeploymentPostprocessing = 0;
		};
		7A2EA29F27085BCF00DE693F /* Frameworks */ = {
			isa = PBXFrameworksBuildPhase;
			buildActionMask = 2147483647;
			files = (
			);
			runOnlyForDeploymentPostprocessing = 0;
		};
		7A2EA2AA27085BCF00DE693F /* Frameworks */ = {
			isa = PBXFrameworksBuildPhase;
			buildActionMask = 2147483647;
			files = (
			);
			runOnlyForDeploymentPostprocessing = 0;
		};
/* End PBXFrameworksBuildPhase section */

/* Begin PBXGroup section */
		7A2EA28227085BCD00DE693F = {
			isa = PBXGroup;
			children = (
				7A2EA28D27085BCD00DE693F /* GyroGame */,
				7A2EA2A527085BCF00DE693F /* GyroGameTests */,
				7A2EA2B027085BCF00DE693F /* GyroGameUITests */,
				7A2EA28C27085BCD00DE693F /* Products */,
			);
			sourceTree = "<group>";
		};
		7A2EA28C27085BCD00DE693F /* Products */ = {
			isa = PBXGroup;
			children = (
				7A2EA28B27085BCD00DE693F /* GyroGame.app */,
				7A2EA2A227085BCF00DE693F /* GyroGameTests.xctest */,
				7A2EA2AD27085BCF00DE693F /* GyroGameUITests.xctest */,
			);
			name = Products;
			sourceTree = "<group>";
		};
		7A2EA28D27085BCD00DE693F /* GyroGame */ = {
			isa = PBXGroup;
			children = (
				7A2EA28E27085BCD00DE693F /* AppDelegate.swift */,
				7A2EA29027085BCD00DE693F /* GameScene.sks */,
				7A2EA29427085BCD00DE693F /* GameScene.swift */,
				7A2EA29627085BCD00DE693F /* GameViewController.swift */,
				7A2EA29827085BCD00DE693F /* Main.storyboard */,
				7A2EA2D42709BE5000DE693F /* Resources */,
				7A2EA29B27085BCE00DE693F /* Assets.xcassets */,
				7A2EA29D27085BCE00DE693F /* Info.plist */,
			);
			path = GyroGame;
			sourceTree = "<group>";
		};
		7A2EA2A527085BCF00DE693F /* GyroGameTests */ = {
			isa = PBXGroup;
			children = (
				7A2EA2A627085BCF00DE693F /* GyroGameTests.swift */,
				7A2EA2A827085BCF00DE693F /* Info.plist */,
			);
			path = GyroGameTests;
			sourceTree = "<group>";
		};
		7A2EA2B027085BCF00DE693F /* GyroGameUITests */ = {
			isa = PBXGroup;
			children = (
				7A2EA2B127085BCF00DE693F /* GyroGameUITests.swift */,
				7A2EA2B327085BCF00DE693F /* Info.plist */,
			);
			path = GyroGameUITests;
			sourceTree = "<group>";
		};
		7A2EA2D42709BE5000DE693F /* Resources */ = {
			isa = PBXGroup;
			children = (
				7A2EA2D72709BF0200DE693F /* background.jpg */,
				7A2EA2DA2709C17D00DE693F /* ball.png */,
				7A2EA2DB2709C17D00DE693F /* finish.png */,
				7A2EA2D92709C17D00DE693F /* hole.png */,
			);
			path = Resources;
			sourceTree = "<group>";
		};
/* End PBXGroup section */

/* Begin PBXNativeTarget section */
		7A2EA28A27085BCD00DE693F /* GyroGame */ = {
			isa = PBXNativeTarget;
			buildConfigurationList = 7A2EA2B627085BCF00DE693F /* Build configuration list for PBXNativeTarget "GyroGame" */;
			buildPhases = (
				7A2EA28727085BCD00DE693F /* Sources */,
				7A2EA28827085BCD00DE693F /* Frameworks */,
				7A2EA28927085BCD00DE693F /* Resources */,
			);
			buildRules = (
			);
			dependencies = (
			);
			name = GyroGame;
			productName = GyroGame;
			productReference = 7A2EA28B27085BCD00DE693F /* GyroGame.app */;
			productType = "com.apple.product-type.application";
		};
		7A2EA2A127085BCF00DE693F /* GyroGameTests */ = {
			isa = PBXNativeTarget;
			buildConfigurationList = 7A2EA2B927085BCF00DE693F /* Build configuration list for PBXNativeTarget "GyroGameTests" */;
			buildPhases = (
				7A2EA29E27085BCF00DE693F /* Sources */,
				7A2EA29F27085BCF00DE693F /* Frameworks */,
				7A2EA2A027085BCF00DE693F /* Resources */,
			);
			buildRules = (
			);
			dependencies = (
				7A2EA2A427085BCF00DE693F /* PBXTargetDependency */,
			);
			name = GyroGameTests;
			productName = GyroGameTests;
			productReference = 7A2EA2A227085BCF00DE693F /* GyroGameTests.xctest */;
			productType = "com.apple.product-type.bundle.unit-test";
		};
		7A2EA2AC27085BCF00DE693F /* GyroGameUITests */ = {
			isa = PBXNativeTarget;
			buildConfigurationList = 7A2EA2BC27085BCF00DE693F /* Build configuration list for PBXNativeTarget "GyroGameUITests" */;
			buildPhases = (
				7A2EA2A927085BCF00DE693F /* Sources */,
				7A2EA2AA27085BCF00DE693F /* Frameworks */,
				7A2EA2AB27085BCF00DE693F /* Resources */,
			);
			buildRules = (
			);
			dependencies = (
				7A2EA2AF27085BCF00DE693F /* PBXTargetDependency */,
			);
			name = GyroGameUITests;
			productName = GyroGameUITests;
			productReference = 7A2EA2AD27085BCF00DE693F /* GyroGameUITests.xctest */;
			productType = "com.apple.product-type.bundle.ui-testing";
		};
/* End PBXNativeTarget section */

/* Begin PBXProject section */
		7A2EA28327085BCD00DE693F /* Project object */ = {
			isa = PBXProject;
			attributes = {
				LastSwiftUpdateCheck = 1250;
				LastUpgradeCheck = 1250;
				TargetAttributes = {
					7A2EA28A27085BCD00DE693F = {
						CreatedOnToolsVersion = 12.5.1;
					};
					7A2EA2A127085BCF00DE693F = {
						CreatedOnToolsVersion = 12.5.1;
						TestTargetID = 7A2EA28A27085BCD00DE693F;
					};
					7A2EA2AC27085BCF00DE693F = {
						CreatedOnToolsVersion = 12.5.1;
						TestTargetID = 7A2EA28A27085BCD00DE693F;
					};
				};
			};
			buildConfigurationList = 7A2EA28627085BCD00DE693F /* Build configuration list for PBXProject "GyroGame" */;
			compatibilityVersion = "Xcode 9.3";
			developmentRegion = en;
			hasScannedForEncodings = 0;
			knownRegions = (
				en,
				Base,
			);
			mainGroup = 7A2EA28227085BCD00DE693F;
			productRefGroup = 7A2EA28C27085BCD00DE693F /* Products */;
			projectDirPath = "";
			projectRoot = "";
			targets = (
				7A2EA28A27085BCD00DE693F /* GyroGame */,
				7A2EA2A127085BCF00DE693F /* GyroGameTests */,
				7A2EA2AC27085BCF00DE693F /* GyroGameUITests */,
			);
		};
/* End PBXProject section */

/* Begin PBXResourcesBuildPhase section */
		7A2EA28927085BCD00DE693F /* Resources */ = {
			isa = PBXResourcesBuildPhase;
			buildActionMask = 2147483647;
			files = (
				7A2EA29A27085BCD00DE693F /* Main.storyboard in Resources */,
				7A2EA2DE2709C17D00DE693F /* finish.png in Resources */,
				7A2EA2DC2709C17D00DE693F /* hole.png in Resources */,
				7A2EA2DD2709C17D00DE693F /* ball.png in Resources */,
				7A2EA2D82709BF0200DE693F /* background.jpg in Resources */,
				7A2EA29127085BCD00DE693F /* GameScene.sks in Resources */,
				7A2EA29C27085BCE00DE693F /* Assets.xcassets in Resources */,
			);
			runOnlyForDeploymentPostprocessing = 0;
		};
		7A2EA2A027085BCF00DE693F /* Resources */ = {
			isa = PBXResourcesBuildPhase;
			buildActionMask = 2147483647;
			files = (
			);
			runOnlyForDeploymentPostprocessing = 0;
		};
		7A2EA2AB27085BCF00DE693F /* Resources */ = {
			isa = PBXResourcesBuildPhase;
			buildActionMask = 2147483647;
			files = (
			);
			runOnlyForDeploymentPostprocessing = 0;
		};
/* End PBXResourcesBuildPhase section */

/* Begin PBXSourcesBuildPhase section */
		7A2EA28727085BCD00DE693F /* Sources */ = {
			isa = PBXSourcesBuildPhase;
			buildActionMask = 2147483647;
			files = (
				7A2EA29527085BCD00DE693F /* GameScene.swift in Sources */,
				7A2EA29727085BCD00DE693F /* GameViewController.swift in Sources */,
				7A2EA28F27085BCD00DE693F /* AppDelegate.swift in Sources */,
			);
			runOnlyForDeploymentPostprocessing = 0;
		};
		7A2EA29E27085BCF00DE693F /* Sources */ = {
			isa = PBXSourcesBuildPhase;
			buildActionMask = 2147483647;
			files = (
				7A2EA2A727085BCF00DE693F /* GyroGameTests.swift in Sources */,
			);
			runOnlyForDeploymentPostprocessing = 0;
		};
		7A2EA2A927085BCF00DE693F /* Sources */ = {
			isa = PBXSourcesBuildPhase;
			buildActionMask = 2147483647;
			files = (
				7A2EA2B227085BCF00DE693F /* GyroGameUITests.swift in Sources */,
			);
			runOnlyForDeploymentPostprocessing = 0;
		};
/* End PBXSourcesBuildPhase section */

/* Begin PBXTargetDependency section */
		7A2EA2A427085BCF00DE693F /* PBXTargetDependency */ = {
			isa = PBXTargetDependency;
			target = 7A2EA28A27085BCD00DE693F /* GyroGame */;
			targetProxy = 7A2EA2A327085BCF00DE693F /* PBXContainerItemProxy */;
		};
		7A2EA2AF27085BCF00DE693F /* PBXTargetDependency */ = {
			isa = PBXTargetDependency;
			target = 7A2EA28A27085BCD00DE693F /* GyroGame */;
			targetProxy = 7A2EA2AE27085BCF00DE693F /* PBXContainerItemProxy */;
		};
/* End PBXTargetDependency section */

/* Begin PBXVariantGroup section */
		7A2EA29827085BCD00DE693F /* Main.storyboard */ = {
			isa = PBXVariantGroup;
			children = (
				7A2EA29927085BCD00DE693F /* Base */,
			);
			name = Main.storyboard;
			sourceTree = "<group>";
		};
/* End PBXVariantGroup section */

/* Begin XCBuildConfiguration section */
		7A2EA2B427085BCF00DE693F /* Debug */ = {
			isa = XCBuildConfiguration;
			buildSettings = {
				ALWAYS_SEARCH_USER_PATHS = NO;
				CLANG_ANALYZER_NONNULL = YES;
				CLANG_ANALYZER_NUMBER_OBJECT_CONVERSION = YES_AGGRESSIVE;
				CLANG_CXX_LANGUAGE_STANDARD = "gnu++14";
				CLANG_CXX_LIBRARY = "libc++";
				CLANG_ENABLE_MODULES = YES;
				CLANG_ENABLE_OBJC_ARC = YES;
				CLANG_ENABLE_OBJC_WEAK = YES;
				CLANG_WARN_BLOCK_CAPTURE_AUTORELEASING = YES;
				CLANG_WARN_BOOL_CONVERSION = YES;
				CLANG_WARN_COMMA = YES;
				CLANG_WARN_CONSTANT_CONVERSION = YES;
				CLANG_WARN_DEPRECATED_OBJC_IMPLEMENTATIONS = YES;
				CLANG_WARN_DIRECT_OBJC_ISA_USAGE = YES_ERROR;
				CLANG_WARN_DOCUMENTATION_COMMENTS = YES;
				CLANG_WARN_EMPTY_BODY = YES;
				CLANG_WARN_ENUM_CONVERSION = YES;
				CLANG_WARN_INFINITE_RECURSION = YES;
				CLANG_WARN_INT_CONVERSION = YES;
				CLANG_WARN_NON_LITERAL_NULL_CONVERSION = YES;
				CLANG_WARN_OBJC_IMPLICIT_RETAIN_SELF = YES;
				CLANG_WARN_OBJC_LITERAL_CONVERSION = YES;
				CLANG_WARN_OBJC_ROOT_CLASS = YES_ERROR;
				CLANG_WARN_QUOTED_INCLUDE_IN_FRAMEWORK_HEADER = YES;
				CLANG_WARN_RANGE_LOOP_ANALYSIS = YES;
				CLANG_WARN_STRICT_PROTOTYPES = YES;
				CLANG_WARN_SUSPICIOUS_MOVE = YES;
				CLANG_WARN_UNGUARDED_AVAILABILITY = YES_AGGRESSIVE;
				CLANG_WARN_UNREACHABLE_CODE = YES;
				CLANG_WARN__DUPLICATE_METHOD_MATCH = YES;
				COPY_PHASE_STRIP = NO;
				DEBUG_INFORMATION_FORMAT = dwarf;
				ENABLE_STRICT_OBJC_MSGSEND = YES;
				ENABLE_TESTABILITY = YES;
				GCC_C_LANGUAGE_STANDARD = gnu11;
				GCC_DYNAMIC_NO_PIC = NO;
				GCC_NO_COMMON_BLOCKS = YES;
				GCC_OPTIMIZATION_LEVEL = 0;
				GCC_PREPROCESSOR_DEFINITIONS = (
					"DEBUG=1",
					"$(inherited)",
				);
				GCC_WARN_64_TO_32_BIT_CONVERSION = YES;
				GCC_WARN_ABOUT_RETURN_TYPE = YES_ERROR;
				GCC_WARN_UNDECLARED_SELECTOR = YES;
				GCC_WARN_UNINITIALIZED_AUTOS = YES_AGGRESSIVE;
				GCC_WARN_UNUSED_FUNCTION = YES;
				GCC_WARN_UNUSED_VARIABLE = YES;
				IPHONEOS_DEPLOYMENT_TARGET = 14.5;
				MTL_ENABLE_DEBUG_INFO = INCLUDE_SOURCE;
				MTL_FAST_MATH = YES;
				ONLY_ACTIVE_ARCH = YES;
				SDKROOT = iphoneos;
				SWIFT_ACTIVE_COMPILATION_CONDITIONS = DEBUG;
				SWIFT_OPTIMIZATION_LEVEL = "-Onone";
			};
			name = Debug;
		};
		7A2EA2B527085BCF00DE693F /* Release */ = {
			isa = XCBuildConfiguration;
			buildSettings = {
				ALWAYS_SEARCH_USER_PATHS = NO;
				CLANG_ANALYZER_NONNULL = YES;
				CLANG_ANALYZER_NUMBER_OBJECT_CONVERSION = YES_AGGRESSIVE;
				CLANG_CXX_LANGUAGE_STANDARD = "gnu++14";
				CLANG_CXX_LIBRARY = "libc++";
				CLANG_ENABLE_MODULES = YES;
				CLANG_ENABLE_OBJC_ARC = YES;
				CLANG_ENABLE_OBJC_WEAK = YES;
				CLANG_WARN_BLOCK_CAPTURE_AUTORELEASING = YES;
				CLANG_WARN_BOOL_CONVERSION = YES;
				CLANG_WARN_COMMA = YES;
				CLANG_WARN_CONSTANT_CONVERSION = YES;
				CLANG_WARN_DEPRECATED_OBJC_IMPLEMENTATIONS = YES;
				CLANG_WARN_DIRECT_OBJC_ISA_USAGE = YES_ERROR;
				CLANG_WARN_DOCUMENTATION_COMMENTS = YES;
				CLANG_WARN_EMPTY_BODY = YES;
				CLANG_WARN_ENUM_CONVERSION = YES;
				CLANG_WARN_INFINITE_RECURSION = YES;
				CLANG_WARN_INT_CONVERSION = YES;
				CLANG_WARN_NON_LITERAL_NULL_CONVERSION = YES;
				CLANG_WARN_OBJC_IMPLICIT_RETAIN_SELF = YES;
				CLANG_WARN_OBJC_LITERAL_CONVERSION = YES;
				CLANG_WARN_OBJC_ROOT_CLASS = YES_ERROR;
				CLANG_WARN_QUOTED_INCLUDE_IN_FRAMEWORK_HEADER = YES;
				CLANG_WARN_RANGE_LOOP_ANALYSIS = YES;
				CLANG_WARN_STRICT_PROTOTYPES = YES;
				CLANG_WARN_SUSPICIOUS_MOVE = YES;
				CLANG_WARN_UNGUARDED_AVAILABILITY = YES_AGGRESSIVE;
				CLANG_WARN_UNREACHABLE_CODE = YES;
				CLANG_WARN__DUPLICATE_METHOD_MATCH = YES;
				COPY_PHASE_STRIP = NO;
				DEBUG_INFORMATION_FORMAT = "dwarf-with-dsym";
				ENABLE_NS_ASSERTIONS = NO;
				ENABLE_STRICT_OBJC_MSGSEND = YES;
				GCC_C_LANGUAGE_STANDARD = gnu11;
				GCC_NO_COMMON_BLOCKS = YES;
				GCC_WARN_64_TO_32_BIT_CONVERSION = YES;
				GCC_WARN_ABOUT_RETURN_TYPE = YES_ERROR;
				GCC_WARN_UNDECLARED_SELECTOR = YES;
				GCC_WARN_UNINITIALIZED_AUTOS = YES_AGGRESSIVE;
				GCC_WARN_UNUSED_FUNCTION = YES;
				GCC_WARN_UNUSED_VARIABLE = YES;
				IPHONEOS_DEPLOYMENT_TARGET = 14.5;
				MTL_ENABLE_DEBUG_INFO = NO;
				MTL_FAST_MATH = YES;
				SDKROOT = iphoneos;
				SWIFT_COMPILATION_MODE = wholemodule;
				SWIFT_OPTIMIZATION_LEVEL = "-O";
				VALIDATE_PRODUCT = YES;
			};
			name = Release;
		};
		7A2EA2B727085BCF00DE693F /* Debug */ = {
			isa = XCBuildConfiguration;
			buildSettings = {
				ASSETCATALOG_COMPILER_APPICON_NAME = AppIcon;
				ASSETCATALOG_COMPILER_GLOBAL_ACCENT_COLOR_NAME = AccentColor;
				CODE_SIGN_STYLE = Automatic;
				DEVELOPMENT_TEAM = 6V5CXQGM5E;
				INFOPLIST_FILE = GyroGame/Info.plist;
				LD_RUNPATH_SEARCH_PATHS = (
					"$(inherited)",
					"@executable_path/Frameworks",
				);
				PRODUCT_BUNDLE_IDENTIFIER = com.brenici.GyroGame;
				PRODUCT_NAME = "$(TARGET_NAME)";
				SWIFT_VERSION = 5.0;
				TARGETED_DEVICE_FAMILY = "1,2";
			};
			name = Debug;
		};
		7A2EA2B827085BCF00DE693F /* Release */ = {
			isa = XCBuildConfiguration;
			buildSettings = {
				ASSETCATALOG_COMPILER_APPICON_NAME = AppIcon;
				ASSETCATALOG_COMPILER_GLOBAL_ACCENT_COLOR_NAME = AccentColor;
				CODE_SIGN_STYLE = Automatic;
				DEVELOPMENT_TEAM = 6V5CXQGM5E;
				INFOPLIST_FILE = GyroGame/Info.plist;
				LD_RUNPATH_SEARCH_PATHS = (
					"$(inherited)",
					"@executable_path/Frameworks",
				);
				PRODUCT_BUNDLE_IDENTIFIER = com.brenici.GyroGame;
				PRODUCT_NAME = "$(TARGET_NAME)";
				SWIFT_VERSION = 5.0;
				TARGETED_DEVICE_FAMILY = "1,2";
			};
			name = Release;
		};
		7A2EA2BA27085BCF00DE693F /* Debug */ = {
			isa = XCBuildConfiguration;
			buildSettings = {
				ALWAYS_EMBED_SWIFT_STANDARD_LIBRARIES = YES;
				BUNDLE_LOADER = "$(TEST_HOST)";
				CODE_SIGN_STYLE = Automatic;
				DEVELOPMENT_TEAM = 6V5CXQGM5E;
				INFOPLIST_FILE = GyroGameTests/Info.plist;
				IPHONEOS_DEPLOYMENT_TARGET = 14.5;
				LD_RUNPATH_SEARCH_PATHS = (
					"$(inherited)",
					"@executable_path/Frameworks",
					"@loader_path/Frameworks",
				);
				PRODUCT_BUNDLE_IDENTIFIER = com.brenici.GyroGameTests;
				PRODUCT_NAME = "$(TARGET_NAME)";
				SWIFT_VERSION = 5.0;
				TARGETED_DEVICE_FAMILY = "1,2";
				TEST_HOST = "$(BUILT_PRODUCTS_DIR)/GyroGame.app/GyroGame";
			};
			name = Debug;
		};
		7A2EA2BB27085BCF00DE693F /* Release */ = {
			isa = XCBuildConfiguration;
			buildSettings = {
				ALWAYS_EMBED_SWIFT_STANDARD_LIBRARIES = YES;
				BUNDLE_LOADER = "$(TEST_HOST)";
				CODE_SIGN_STYLE = Automatic;
				DEVELOPMENT_TEAM = 6V5CXQGM5E;
				INFOPLIST_FILE = GyroGameTests/Info.plist;
				IPHONEOS_DEPLOYMENT_TARGET = 14.5;
				LD_RUNPATH_SEARCH_PATHS = (
					"$(inherited)",
					"@executable_path/Frameworks",
					"@loader_path/Frameworks",
				);
				PRODUCT_BUNDLE_IDENTIFIER = com.brenici.GyroGameTests;
				PRODUCT_NAME = "$(TARGET_NAME)";
				SWIFT_VERSION = 5.0;
				TARGETED_DEVICE_FAMILY = "1,2";
				TEST_HOST = "$(BUILT_PRODUCTS_DIR)/GyroGame.app/GyroGame";
			};
			name = Release;
		};
		7A2EA2BD27085BCF00DE693F /* Debug */ = {
			isa = XCBuildConfiguration;
			buildSettings = {
				ALWAYS_EMBED_SWIFT_STANDARD_LIBRARIES = YES;
				CODE_SIGN_STYLE = Automatic;
				DEVELOPMENT_TEAM = 6V5CXQGM5E;
				INFOPLIST_FILE = GyroGameUITests/Info.plist;
				LD_RUNPATH_SEARCH_PATHS = (
					"$(inherited)",
					"@executable_path/Frameworks",
					"@loader_path/Frameworks",
				);
				PRODUCT_BUNDLE_IDENTIFIER = com.brenici.GyroGameUITests;
				PRODUCT_NAME = "$(TARGET_NAME)";
				SWIFT_VERSION = 5.0;
				TARGETED_DEVICE_FAMILY = "1,2";
				TEST_TARGET_NAME = GyroGame;
			};
			name = Debug;
		};
		7A2EA2BE27085BCF00DE693F /* Release */ = {
			isa = XCBuildConfiguration;
			buildSettings = {
				ALWAYS_EMBED_SWIFT_STANDARD_LIBRARIES = YES;
				CODE_SIGN_STYLE = Automatic;
				DEVELOPMENT_TEAM = 6V5CXQGM5E;
				INFOPLIST_FILE = GyroGameUITests/Info.plist;
				LD_RUNPATH_SEARCH_PATHS = (
					"$(inherited)",
					"@executable_path/Frameworks",
					"@loader_path/Frameworks",
				);
				PRODUCT_BUNDLE_IDENTIFIER = com.brenici.GyroGameUITests;
				PRODUCT_NAME = "$(TARGET_NAME)";
				SWIFT_VERSION = 5.0;
				TARGETED_DEVICE_FAMILY = "1,2";
				TEST_TARGET_NAME = GyroGame;
			};
			name = Release;
		};
/* End XCBuildConfiguration section */

/* Begin XCConfigurationList section */
		7A2EA28627085BCD00DE693F /* Build configuration list for PBXProject "GyroGame" */ = {
			isa = XCConfigurationList;
			buildConfigurations = (
				7A2EA2B427085BCF00DE693F /* Debug */,
				7A2EA2B527085BCF00DE693F /* Release */,
			);
			defaultConfigurationIsVisible = 0;
			defaultConfigurationName = Release;
		};
		7A2EA2B627085BCF00DE693F /* Build configuration list for PBXNativeTarget "GyroGame" */ = {
			isa = XCConfigurationList;
			buildConfigurations = (
				7A2EA2B727085BCF00DE693F /* Debug */,
				7A2EA2B827085BCF00DE693F /* Release */,
			);
			defaultConfigurationIsVisible = 0;
			defaultConfigurationName = Release;
		};
		7A2EA2B927085BCF00DE693F /* Build configuration list for PBXNativeTarget "GyroGameTests" */ = {
			isa = XCConfigurationList;
			buildConfigurations = (
				7A2EA2BA27085BCF00DE693F /* Debug */,
				7A2EA2BB27085BCF00DE693F /* Release */,
			);
			defaultConfigurationIsVisible = 0;
			defaultConfigurationName = Release;
		};
		7A2EA2BC27085BCF00DE693F /* Build configuration list for PBXNativeTarget "GyroGameUITests" */ = {
			isa = XCConfigurationList;
			buildConfigurations = (
				7A2EA2BD27085BCF00DE693F /* Debug */,
				7A2EA2BE27085BCF00DE693F /* Release */,
			);
			defaultConfigurationIsVisible = 0;
			defaultConfigurationName = Release;
		};
/* End XCConfigurationList section */
	};
	rootObject = 7A2EA28327085BCD00DE693F /* Project object */;
}
